
Microsoft Visual Studio Solution File, Format Version 12.00
Project("{FAE04EC0-301F-11D3-BF4B-00C04F79EFBC}") = "Geometry", "Geometry\Geometry.csproj", "{79088DF0-023C-4414-BE5F-FF74442E17E2}"
EndProject
Project("{FAE04EC0-301F-11D3-BF4B-00C04F79EFBC}") = "ShooterCore", "ShooterCore\ShooterCore.csproj", "{BD1C1F93-B858-43EF-9687-39C713E4777F}"
EndProject
Project("{FAE04EC0-301F-11D3-BF4B-00C04F79EFBC}") = "ShooterClient", "ShooterClient\ShooterClient.csproj", "{6E804F76-FE8B-417D-BB65-845E66E743B9}"
EndProject
Project("{FAE04EC0-301F-11D3-BF4B-00C04F79EFBC}") = "ShooterServer", "ShooterServer\ShooterServer.csproj", "{500B1D8B-2BC7-4765-84F4-D2642BE597F0}"
EndProject
Project("{FAE04EC0-301F-11D3-BF4B-00C04F79EFBC}") = "Network", "Network\Network.csproj", "{016EDCF2-7E12-4C04-96A5-71F303EE7D4E}"
EndProject
Global
	GlobalSection(SolutionConfigurationPlatforms) = preSolution
		Debug|Any CPU = Debug|Any CPU
		Release|Any CPU = Release|Any CPU
	EndGlobalSection
	GlobalSection(ProjectConfigurationPlatforms) = postSolution
		{79088DF0-023C-4414-BE5F-FF74442E17E2}.Debug|Any CPU.ActiveCfg = Debug|Any CPU
		{79088DF0-023C-4414-BE5F-FF74442E17E2}.Debug|Any CPU.Build.0 = Debug|Any CPU
		{79088DF0-023C-4414-BE5F-FF74442E17E2}.Release|Any CPU.ActiveCfg = Release|Any CPU
		{79088DF0-023C-4414-BE5F-FF74442E17E2}.Release|Any CPU.Build.0 = Release|Any CPU
		{BD1C1F93-B858-43EF-9687-39C713E4777F}.Debug|Any CPU.ActiveCfg = Debug|Any CPU
		{BD1C1F93-B858-43EF-9687-39C713E4777F}.Debug|Any CPU.Build.0 = Debug|Any CPU
		{BD1C1F93-B858-43EF-9687-39C713E4777F}.Release|Any CPU.ActiveCfg = Release|Any CPU
		{BD1C1F93-B858-43EF-9687-39C713E4777F}.Release|Any CPU.Build.0 = Release|Any CPU
		{6E804F76-FE8B-417D-BB65-845E66E743B9}.Debug|Any CPU.ActiveCfg = Debug|Any CPU
		{6E804F76-FE8B-417D-BB65-845E66E743B9}.Debug|Any CPU.Build.0 = Debug|Any CPU
		{6E804F76-FE8B-417D-BB65-845E66E743B9}.Release|Any CPU.ActiveCfg = Release|Any CPU
		{6E804F76-FE8B-417D-BB65-845E66E743B9}.Release|Any CPU.Build.0 = Release|Any CPU
		{500B1D8B-2BC7-4765-84F4-D2642BE597F0}.Debug|Any CPU.ActiveCfg = Debug|Any CPU
		{500B1D8B-2BC7-4765-84F4-D2642BE597F0}.Debug|Any CPU.Build.0 = Debug|Any CPU
		{500B1D8B-2BC7-4765-84F4-D2642BE597F0}.Release|Any CPU.ActiveCfg = Release|Any CPU
		{500B1D8B-2BC7-4765-84F4-D2642BE597F0}.Release|Any CPU.Build.0 = Release|Any CPU
		{016EDCF2-7E12-4C04-96A5-71F303EE7D4E}.Debug|Any CPU.ActiveCfg = Debug|Any CPU
		{016EDCF2-7E12-4C04-96A5-71F303EE7D4E}.Debug|Any CPU.Build.0 = Debug|Any CPU
		{016EDCF2-7E12-4C04-96A5-71F303EE7D4E}.Release|Any CPU.ActiveCfg = Release|Any CPU
		{016EDCF2-7E12-4C04-96A5-71F303EE7D4E}.Release|Any CPU.Build.0 = Release|Any CPU
	EndGlobalSection
EndGlobal
